{
  "requires": true,
  "lockfileVersion": 1,
  "dependencies": {
    "@babel/runtime": {
      "version": "7.18.3",
      "resolved": "https://registry.npmjs.org/@babel/runtime/-/runtime-7.18.3.tgz",
      "integrity": "sha512-38Y8f7YUhce/K7RMwTp7m0uCumpv9hZkitCbBClqQIow1qSbCvGkcegKOXpEWCQLfWmevgRiWokZ1GkpfhbZug==",
      "requires": {
        "regenerator-runtime": "^0.13.4"
      }
    },
    "@sentry/browser": {
      "version": "6.19.7",
      "resolved": "https://registry.npmjs.org/@sentry/browser/-/browser-6.19.7.tgz",
      "integrity": "sha512-oDbklp4O3MtAM4mtuwyZLrgO1qDVYIujzNJQzXmi9YzymJCuzMLSRDvhY83NNDCRxf0pds4DShgYeZdbSyKraA==",
      "requires": {
        "@sentry/core": "6.19.7",
        "@sentry/types": "6.19.7",
        "@sentry/utils": "6.19.7",
        "tslib": "^1.9.3"
      }
    },
    "@sentry/core": {
      "version": "6.19.7",
      "resolved": "https://registry.npmjs.org/@sentry/core/-/core-6.19.7.tgz",
      "integrity": "sha512-tOfZ/umqB2AcHPGbIrsFLcvApdTm9ggpi/kQZFkej7kMphjT+SGBiQfYtjyg9jcRW+ilAR4JXC9BGKsdEQ+8Vw==",
      "requires": {
        "@sentry/hub": "6.19.7",
        "@sentry/minimal": "6.19.7",
        "@sentry/types": "6.19.7",
        "@sentry/utils": "6.19.7",
        "tslib": "^1.9.3"
      }
    },
    "@sentry/hub": {
      "version": "6.19.7",
      "resolved": "https://registry.npmjs.org/@sentry/hub/-/hub-6.19.7.tgz",
      "integrity": "sha512-y3OtbYFAqKHCWezF0EGGr5lcyI2KbaXW2Ik7Xp8Mu9TxbSTuwTe4rTntwg8ngPjUQU3SUHzgjqVB8qjiGqFXCA==",
      "requires": {
        "@sentry/types": "6.19.7",
        "@sentry/utils": "6.19.7",
        "tslib": "^1.9.3"
      }
    },
    "@sentry/minimal": {
      "version": "6.19.7",
      "resolved": "https://registry.npmjs.org/@sentry/minimal/-/minimal-6.19.7.tgz",
      "integrity": "sha512-wcYmSJOdvk6VAPx8IcmZgN08XTXRwRtB1aOLZm+MVHjIZIhHoBGZJYTVQS/BWjldsamj2cX3YGbGXNunaCfYJQ==",
      "requires": {
        "@sentry/hub": "6.19.7",
        "@sentry/types": "6.19.7",
        "tslib": "^1.9.3"
      }
    },
    "@sentry/types": {
      "version": "6.19.7",
      "resolved": "https://registry.npmjs.org/@sentry/types/-/types-6.19.7.tgz",
      "integrity": "sha512-jH84pDYE+hHIbVnab3Hr+ZXr1v8QABfhx39KknxqKWr2l0oEItzepV0URvbEhB446lk/S/59230dlUUIBGsXbg=="
    },
    "@sentry/utils": {
      "version": "6.19.7",
      "resolved": "https://registry.npmjs.org/@sentry/utils/-/utils-6.19.7.tgz",
      "integrity": "sha512-z95ECmE3i9pbWoXQrD/7PgkBAzJYR+iXtPuTkpBjDKs86O3mT+PXOT3BAn79w2wkn7/i3vOGD2xVr1uiMl26dA==",
      "requires": {
        "@sentry/types": "6.19.7",
        "tslib": "^1.9.3"
      }
    },
    "@socket.io/component-emitter": {
      "version": "3.1.0",
      "resolved": "https://registry.npmjs.org/@socket.io/component-emitter/-/component-emitter-3.1.0.tgz",
      "integrity": "sha512-+9jVqKhRSpsc591z5vX+X5Yyw+he/HCB4iQ/RYxw35CEPaY1gnsNE43nf9n9AaYjAQrTiI/mOwKUKdUs9vf7Xg=="
    },
    "blueimp-load-image": {
      "version": "2.29.0",
      "resolved": "https://registry.npmjs.org/blueimp-load-image/-/blueimp-load-image-2.29.0.tgz",
      "integrity": "sha512-psm81GlZ0ffKxVT0QN9dvhpzXMv1KxgXSg8ars0XGAcEGsTwFT2IPo59HDXlw4Lo2oImdPzwrwkliZSiLLUpIw=="
    },
    "classnames": {
      "version": "2.2.6",
      "resolved": "https://registry.npmjs.org/classnames/-/classnames-2.2.6.tgz",
      "integrity": "sha512-JR/iSQOSt+LQIWwrwEzJ9uk0xfN3mTVYMwt1Ir5mUcSN6pU+V4zQFFaJsclJbPuAUQH+yfWef6tm7l1quW3C8Q=="
    },
    "core-js": {
      "version": "3.23.1",
      "resolved": "https://registry.npmjs.org/core-js/-/core-js-3.23.1.tgz",
      "integrity": "sha512-wfMYHWi1WQjpgZNC9kAlN4ut04TM9fUTdi7CqIoTVM7yaiOUQTklOzfb+oWH3r9edQcT3F887swuVmxrV+CC8w=="
    },
    "debug": {
      "version": "4.3.4",
      "resolved": "https://registry.npmjs.org/debug/-/debug-4.3.4.tgz",
      "integrity": "sha512-PRWFHuSU3eDtQJPvnNY7Jcket1j0t5OuOsFzPPzsekD52Zl8qUfFIPEiswXqIvHWGVHOgX+7G/vCNNhehwxfkQ==",
      "requires": {
        "ms": "2.1.2"
      }
    },
    "deepmerge": {
      "version": "4.2.2",
      "resolved": "https://registry.npmjs.org/deepmerge/-/deepmerge-4.2.2.tgz",
      "integrity": "sha512-FJ3UgI4gIl+PHZm53knsuSFpE+nESMr7M4v9QcgB7S63Kj/6WqMiFQJpBBYz1Pt+66bZpP3Q7Lye0Oo9MPKEdg=="
    },
    "dompurify": {
      "version": "2.3.8",
      "resolved": "https://registry.npmjs.org/dompurify/-/dompurify-2.3.8.tgz",
      "integrity": "sha512-eVhaWoVibIzqdGYjwsBWodIQIaXFSB+cKDf4cfxLMsK0xiud6SE+/WCVx/Xw/UwQsa4cS3T2eITcdtmTg2UKcw=="
    },
    "engine.io-client": {
      "version": "6.2.2",
      "resolved": "https://registry.npmjs.org/engine.io-client/-/engine.io-client-6.2.2.tgz",
      "integrity": "sha512-8ZQmx0LQGRTYkHuogVZuGSpDqYZtCM/nv8zQ68VZ+JkOpazJ7ICdsSpaO6iXwvaU30oFg5QJOJWj8zWqhbKjkQ==",
      "requires": {
        "@socket.io/component-emitter": "~3.1.0",
        "debug": "~4.3.1",
        "engine.io-parser": "~5.0.3",
        "ws": "~8.2.3",
        "xmlhttprequest-ssl": "~2.0.0"
      }
    },
    "engine.io-parser": {
      "version": "5.0.4",
      "resolved": "https://registry.npmjs.org/engine.io-parser/-/engine.io-parser-5.0.4.tgz",
      "integrity": "sha512-+nVFp+5z1E3HcToEnO7ZIj3g+3k9389DvWtvJZz0T6/eOCPIyyxehFcedoYrZQrp0LgQbD9pPXhpMBKMd5QURg=="
    },
    "enumerate-devices": {
      "version": "1.1.1",
      "resolved": "https://registry.npmjs.org/enumerate-devices/-/enumerate-devices-1.1.1.tgz",
      "integrity": "sha512-8zDbrc7ocusTL1ZGmvgy0cTwdyCaM7sGZoYLRmnWJalLQzmftDtce+uDU91gafOTo9MCtgjSIxyMv/F4+Hcchw=="
    },
    "eventemitter2": {
      "version": "2.2.2",
      "resolved": "https://registry.npmjs.org/eventemitter2/-/eventemitter2-2.2.2.tgz",
      "integrity": "sha512-AmQ734LWUB9Iyk+2WIU3Z8iRhdL1XQihEE0iF/QC5Xp11zST0Z5tn5jRHa/PgIld2QIPSCys3CREqOQLUhNvkw=="
    },
    "history": {
      "version": "4.5.1",
      "resolved": "https://registry.npmjs.org/history/-/history-4.5.1.tgz",
      "integrity": "sha512-gfHeJeYeMzFtos61gdA1AloO0hGXPF2Yum+2FRdJvlylYQOz51OnT1zuwg9UYst1BRrONhcAh3Nmsg9iblgl6g==",
      "requires": {
        "invariant": "^2.2.1",
        "loose-envify": "^1.2.0",
        "resolve-pathname": "^2.0.0",
        "value-equal": "^0.2.0",
        "warning": "^3.0.0"
      }
    },
    "hoist-non-react-statics": {
      "version": "3.3.2",
      "resolved": "https://registry.npmjs.org/hoist-non-react-statics/-/hoist-non-react-statics-3.3.2.tgz",
      "integrity": "sha512-/gGivxi8JPKWNm/W0jSmzcMPpfpPLc3dY/6GxhX2hQ9iGj3aDfklV4ET7NjKpSinLpJ5vafa9iiGIEZg10SfBw==",
      "requires": {
        "react-is": "^16.7.0"
      }
    },
    "invariant": {
      "version": "2.2.4",
      "resolved": "https://registry.npmjs.org/invariant/-/invariant-2.2.4.tgz",
      "integrity": "sha512-phJfQVBuaJM5raOpJjSfkiD6BpbCE4Ns//LaXl6wGYtUBY83nWS6Rf9tXm2e8VaK60JEjYldbPif/A2B1C2gNA==",
      "requires": {
        "loose-envify": "^1.0.0"
      }
    },
    "js-cookie": {
      "version": "3.0.1",
      "resolved": "https://registry.npmjs.org/js-cookie/-/js-cookie-3.0.1.tgz",
      "integrity": "sha512-+0rgsUXZu4ncpPxRL+lNEptWMOWl9etvPHc/koSRp6MPwpRYAhmk0dUG00J4bxVV3r9uUzfo24wW0knS07SKSw=="
    },
    "js-tokens": {
      "version": "4.0.0",
      "resolved": "https://registry.npmjs.org/js-tokens/-/js-tokens-4.0.0.tgz",
      "integrity": "sha512-RdJUflcE3cUzKiMqQgsCu06FPu9UdIJO0beYbPhHN4k6apgJtifcoCtT9bcxOpYBtpD2kCM6Sbzg4CausW/PKQ=="
    },
    "loose-envify": {
      "version": "1.4.0",
      "resolved": "https://registry.npmjs.org/loose-envify/-/loose-envify-1.4.0.tgz",
      "integrity": "sha512-lyuxPGr/Wfhrlem2CL/UcnUc1zcqKAImBDzukY7Y5F/yQiNdko6+fRLevlw1HgMySw7f611UIY408EtxRSoK3Q==",
      "requires": {
        "js-tokens": "^3.0.0 || ^4.0.0"
      }
    },
    "ms": {
      "version": "2.1.2",
      "resolved": "https://registry.npmjs.org/ms/-/ms-2.1.2.tgz",
      "integrity": "sha512-sGkPx+VjMtmA6MX27oA4FBFELFCZZ4S4XqeGOXCv68tT+jb3vk/RyaKWP0PTKyWtmLSM0b+adUTEvbs1PEaH2w=="
    },
    "onfido-sdk-ui": {
      "version": "8.1.0",
      "resolved": "https://registry.npmjs.org/onfido-sdk-ui/-/onfido-sdk-ui-8.1.0.tgz",
      "integrity": "sha512-E59yS5BjNx353ZtGViqJn7hXSUaBqqNXf6W6f9gopJtXrWFQAevagYFGNJZXifBwIshM0TosqrdHD9RbnSkmuw==",
      "requires": {
        "@sentry/browser": "^6.19.7",
        "blueimp-load-image": "~2.29.0",
        "classnames": "~2.2.5",
        "core-js": "^3.21.1",
        "deepmerge": "^4.2.2",
        "dompurify": "^2.2.6",
        "enumerate-devices": "^1.1.0",
        "eventemitter2": "~2.2.2",
        "history": "~4.5.1",
        "hoist-non-react-statics": "^3.3.2",
        "js-cookie": "^3.0.1",
        "pdfobject": "^2.2.7",
        "preact": "^10.5.13",
        "redux": "^4.0.5",
        "socket.io-client": "^4.2.0",
        "supports-webp": "~1.0.3",
        "uuid": "^8.3.2",
        "visibilityjs": "~1.2.4"
      }
    },
    "pdfobject": {
      "version": "2.2.8",
      "resolved": "https://registry.npmjs.org/pdfobject/-/pdfobject-2.2.8.tgz",
      "integrity": "sha512-dB/soWNMLtVGHfXERXnAtsKm0XwC6lyGVYegQcZxL4rw07rNOKvawc9kddBzlGr7TbiBZuGf4Drb3kyRbTf/QA=="
    },
    "preact": {
      "version": "10.8.0",
      "resolved": "https://registry.npmjs.org/preact/-/preact-10.8.0.tgz",
      "integrity": "sha512-2yXIS/h/UP5go0rBKesZqx0LuScqjECtH5pq8SQu3t6X2XNUWjCY4pcViUttDu3qX6NMxGiA/RuxOZd00QLCzg=="
    },
    "react-is": {
      "version": "16.13.1",
      "resolved": "https://registry.npmjs.org/react-is/-/react-is-16.13.1.tgz",
      "integrity": "sha512-24e6ynE2H+OKt4kqsOvNd8kBpV65zoxbA4BVsEOB3ARVWQki/DHzaUoC5KuON/BiccDaCCTZBuOcfZs70kR8bQ=="
    },
    "redux": {
      "version": "4.2.0",
      "resolved": "https://registry.npmjs.org/redux/-/redux-4.2.0.tgz",
      "integrity": "sha512-oSBmcKKIuIR4ME29/AeNUnl5L+hvBq7OaJWzaptTQJAntaPvxIJqfnjbaEiCzzaIz+XmVILfqAM3Ob0aXLPfjA==",
      "requires": {
        "@babel/runtime": "^7.9.2"
      }
    },
    "regenerator-runtime": {
      "version": "0.13.9",
      "resolved": "https://registry.npmjs.org/regenerator-runtime/-/regenerator-runtime-0.13.9.tgz",
      "integrity": "sha512-p3VT+cOEgxFsRRA9X4lkI1E+k2/CtnKtU4gcxyaCUreilL/vqI6CdZ3wxVUx3UOUg+gnUOQQcRI7BmSI656MYA=="
    },
    "resolve-pathname": {
      "version": "2.2.0",
      "resolved": "https://registry.npmjs.org/resolve-pathname/-/resolve-pathname-2.2.0.tgz",
      "integrity": "sha512-bAFz9ld18RzJfddgrO2e/0S2O81710++chRMUxHjXOYKF6jTAMrUNZrEZ1PvV0zlhfjidm08iRPdTLPno1FuRg=="
    },
    "socket.io-client": {
      "version": "4.5.1",
      "resolved": "https://registry.npmjs.org/socket.io-client/-/socket.io-client-4.5.1.tgz",
      "integrity": "sha512-e6nLVgiRYatS+AHXnOnGi4ocOpubvOUCGhyWw8v+/FxW8saHkinG6Dfhi9TU0Kt/8mwJIAASxvw6eujQmjdZVA==",
      "requires": {
        "@socket.io/component-emitter": "~3.1.0",
        "debug": "~4.3.2",
        "engine.io-client": "~6.2.1",
        "socket.io-parser": "~4.2.0"
      }
    },
    "socket.io-parser": {
      "version": "4.2.0",
      "resolved": "https://registry.npmjs.org/socket.io-parser/-/socket.io-parser-4.2.0.tgz",
      "integrity": "sha512-tLfmEwcEwnlQTxFB7jibL/q2+q8dlVQzj4JdRLJ/W/G1+Fu9VSxCx1Lo+n1HvXxKnM//dUuD0xgiA7tQf57Vng==",
      "requires": {
        "@socket.io/component-emitter": "~3.1.0",
        "debug": "~4.3.1"
      }
    },
    "supports-webp": {
      "version": "1.0.7",
      "resolved": "https://registry.npmjs.org/supports-webp/-/supports-webp-1.0.7.tgz",
      "integrity": "sha512-ZlqT+sCgZKcykOLrk8DYR4t3Em+nyVSHpiV3q7uzOutLwKIYU23n88KibCLw3FzM4NCQeRorvZ55AV/77lQyOQ=="
    },
    "tslib": {
      "version": "1.14.1",
      "resolved": "https://registry.npmjs.org/tslib/-/tslib-1.14.1.tgz",
      "integrity": "sha512-Xni35NKzjgMrwevysHTCArtLDpPvye8zV/0E4EyYn43P7/7qvQwPh9BGkHewbMulVntbigmcT7rdX3BNo9wRJg=="
    },
    "uuid": {
      "version": "8.3.2",
      "resolved": "https://registry.npmjs.org/uuid/-/uuid-8.3.2.tgz",
      "integrity": "sha512-+NYs2QeMWy+GWFOEm9xnn6HCDp0l7QBD7ml8zLUmJ+93Q5NF0NocErnwkTkXVFNiX3/fpC6afS8Dhb/gz7R7eg=="
    },
    "value-equal": {
      "version": "0.2.1",
      "resolved": "https://registry.npmjs.org/value-equal/-/value-equal-0.2.1.tgz",
      "integrity": "sha512-yRL36Xb2K/HmFT5Fe3M86S7mu4+a12/3l7uytUh6eNPPjP77ldPBvsAvmnWff39sXn55naRMZN8LZWRO8PWaeQ=="
    },
    "visibilityjs": {
      "version": "1.2.8",
      "resolved": "https://registry.npmjs.org/visibilityjs/-/visibilityjs-1.2.8.tgz",
      "integrity": "sha512-Y+aL3OUX88b+/VSmkmC2ApuLbf0grzbNLpCfIDSw3BzTU6PqcPsdgIOaw8b+eZoy+DdQqnVN3y/Evow9vQq9Ig=="
    },
    "warning": {
      "version": "3.0.0",
      "resolved": "https://registry.npmjs.org/warning/-/warning-3.0.0.tgz",
      "integrity": "sha512-jMBt6pUrKn5I+OGgtQ4YZLdhIeJmObddh6CsibPxyQ5yPZm1XExSyzC1LCNX7BzhxWgiHmizBWJTHJIjMjTQYQ==",
      "requires": {
        "loose-envify": "^1.0.0"
      }
    },
    "ws": {
      "version": "8.2.3",
      "resolved": "https://registry.npmjs.org/ws/-/ws-8.2.3.tgz",
      "integrity": "sha512-wBuoj1BDpC6ZQ1B7DWQBYVLphPWkm8i9Y0/3YdHjHKHiohOJ1ws+3OccDWtH+PoC9DZD5WOTrJvNbWvjS6JWaA=="
    },
    "xmlhttprequest-ssl": {
      "version": "2.0.0",
      "resolved": "https://registry.npmjs.org/xmlhttprequest-ssl/-/xmlhttprequest-ssl-2.0.0.tgz",
      "integrity": "sha512-QKxVRxiRACQcVuQEYFsI1hhkrMlrXHPegbbd1yn9UHOmRxY+si12nQYzri3vbzt8VdTTRviqcKxcyllFas5z2A=="
    }
  }
}
